<<<<<<< HEAD
{"ip": "0.0.0.0", "app_guid": "c509b555-f14d-44f0-b89c-50d8be8a6c4e", "port": 51327, "dir": "C:\\Android Workspace\\Titanium Workspace\\ttyl", "app_id": "com.klosr.ttyl"}
=======
{"ip": "0.0.0.0", "app_guid": "c509b555-f14d-44f0-b89c-50d8be8a6c4e", "port": 50166, "dir": "/Users/plub/Coding/Titanium/Titanium Studio Workspace/ttylNEW", "app_id": "com.klosr.ttyl"}
>>>>>>> e135dd0a402eea3ddf308f0492e09243574c20c1
